// !$*UTF8*$!
{
	archiveVersion = 1;
	classes = {
	};
	objectVersion = 77;
	objects = {

/* Begin PBXBuildFile section */
		829047FE2ECC720300AEB566 /* Alamofire in Frameworks */ = {isa = PBXBuildFile; productRef = 829047FD2ECC720300AEB566 /* Alamofire */; };
		82B45BF42EDA050C00DCF549 /* Favorite in Frameworks */ = {isa = PBXBuildFile; productRef = 82B45BF32EDA050C00DCF549 /* Favorite */; };
		82B45BF72EDA054500DCF549 /* Home in Frameworks */ = {isa = PBXBuildFile; productRef = 82B45BF62EDA054500DCF549 /* Home */; };
		82B45BFA2EDA057C00DCF549 /* Detail in Frameworks */ = {isa = PBXBuildFile; productRef = 82B45BF92EDA057C00DCF549 /* Detail */; };
		82B45BFD2EDA059800DCF549 /* About in Frameworks */ = {isa = PBXBuildFile; productRef = 82B45BFC2EDA059800DCF549 /* About */; };
		82D89E102ECD5EE600ED9BC8 /* Swinject in Frameworks */ = {isa = PBXBuildFile; productRef = 82D89E0F2ECD5EE600ED9BC8 /* Swinject */; };
		82D89E492ECD658700ED9BC8 /* SDWebImageSwiftUI in Frameworks */ = {isa = PBXBuildFile; productRef = 82D89E482ECD658700ED9BC8 /* SDWebImageSwiftUI */; };
		82D89E4C2ECD698E00ED9BC8 /* RealmSwift in Frameworks */ = {isa = PBXBuildFile; productRef = 82D89E4B2ECD698E00ED9BC8 /* RealmSwift */; };
		82F683412ED82FE50062D4D5 /* codemagic.yaml in Resources */ = {isa = PBXBuildFile; fileRef = 82F683402ED82FDA0062D4D5 /* codemagic.yaml */; };
/* End PBXBuildFile section */

/* Begin PBXFileReference section */
		827C4B392EC3140A00239548 /* ExpertTourism.app */ = {isa = PBXFileReference; explicitFileType = wrapper.application; includeInIndex = 0; path = ExpertTourism.app; sourceTree = BUILT_PRODUCTS_DIR; };
		82F683402ED82FDA0062D4D5 /* codemagic.yaml */ = {isa = PBXFileReference; lastKnownFileType = text.yaml; path = codemagic.yaml; sourceTree = "<group>"; };
/* End PBXFileReference section */

/* Begin PBXFileSystemSynchronizedRootGroup section */
		827C4B3B2EC3140A00239548 /* ExpertTourism */ = {
			isa = PBXFileSystemSynchronizedRootGroup;
			path = ExpertTourism;
			sourceTree = "<group>";
		};
/* End PBXFileSystemSynchronizedRootGroup section */

/* Begin PBXFrameworksBuildPhase section */
		827C4B362EC3140A00239548 /* Frameworks */ = {
			isa = PBXFrameworksBuildPhase;
			buildActionMask = 2147483647;
			files = (
				82B45BFD2EDA059800DCF549 /* About in Frameworks */,
				82D89E4C2ECD698E00ED9BC8 /* RealmSwift in Frameworks */,
				82D89E492ECD658700ED9BC8 /* SDWebImageSwiftUI in Frameworks */,
				829047FE2ECC720300AEB566 /* Alamofire in Frameworks */,
				82D89E102ECD5EE600ED9BC8 /* Swinject in Frameworks */,
				82B45BF42EDA050C00DCF549 /* Favorite in Frameworks */,
				82B45BF72EDA054500DCF549 /* Home in Frameworks */,
				82B45BFA2EDA057C00DCF549 /* Detail in Frameworks */,
			);
			runOnlyForDeploymentPostprocessing = 0;
		};
/* End PBXFrameworksBuildPhase section */

/* Begin PBXGroup section */
		827C4B302EC3140A00239548 = {
			isa = PBXGroup;
			children = (
				82F683402ED82FDA0062D4D5 /* codemagic.yaml */,
				827C4B3B2EC3140A00239548 /* ExpertTourism */,
				827C4B3A2EC3140A00239548 /* Products */,
			);
			sourceTree = "<group>";
		};
		827C4B3A2EC3140A00239548 /* Products */ = {
			isa = PBXGroup;
			children = (
				827C4B392EC3140A00239548 /* ExpertTourism.app */,
			);
			name = Products;
			sourceTree = "<group>";
		};
/* End PBXGroup section */

/* Begin PBXNativeTarget section */
		827C4B382EC3140A00239548 /* ExpertTourism */ = {
			isa = PBXNativeTarget;
			buildConfigurationList = 827C4B442EC3140B00239548 /* Build configuration list for PBXNativeTarget "ExpertTourism" */;
			buildPhases = (
				827C4B352EC3140A00239548 /* Sources */,
				827C4B362EC3140A00239548 /* Frameworks */,
				827C4B372EC3140A00239548 /* Resources */,
			);
			buildRules = (
			);
			dependencies = (
			);
			fileSystemSynchronizedGroups = (
				827C4B3B2EC3140A00239548 /* ExpertTourism */,
			);
			name = ExpertTourism;
			packageProductDependencies = (
				829047FD2ECC720300AEB566 /* Alamofire */,
				82D89E0F2ECD5EE600ED9BC8 /* Swinject */,
				82D89E482ECD658700ED9BC8 /* SDWebImageSwiftUI */,
				82D89E4B2ECD698E00ED9BC8 /* RealmSwift */,
				82B45BF32EDA050C00DCF549 /* Favorite */,
				82B45BF62EDA054500DCF549 /* Home */,
				82B45BF92EDA057C00DCF549 /* Detail */,
				82B45BFC2EDA059800DCF549 /* About */,
			);
			productName = ExpertTourism;
			productReference = 827C4B392EC3140A00239548 /* ExpertTourism.app */;
			productType = "com.apple.product-type.application";
		};
/* End PBXNativeTarget section */

/* Begin PBXProject section */
		827C4B312EC3140A00239548 /* Project object */ = {
			isa = PBXProject;
			attributes = {
				BuildIndependentTargetsInParallel = 1;
				LastSwiftUpdateCheck = 1640;
				LastUpgradeCheck = 1640;
				TargetAttributes = {
					827C4B382EC3140A00239548 = {
						CreatedOnToolsVersion = 16.4;
					};
				};
			};
			buildConfigurationList = 827C4B342EC3140A00239548 /* Build configuration list for PBXProject "ExpertTourism" */;
			developmentRegion = en;
			hasScannedForEncodings = 0;
			knownRegions = (
				en,
				Base,
			);
			mainGroup = 827C4B302EC3140A00239548;
			minimizedProjectReferenceProxies = 1;
			packageReferences = (
				829047FC2ECC720300AEB566 /* XCRemoteSwiftPackageReference "Alamofire" */,
				82D89E0E2ECD5EE600ED9BC8 /* XCRemoteSwiftPackageReference "Swinject" */,
				82D89E472ECD658700ED9BC8 /* XCRemoteSwiftPackageReference "SDWebImageSwiftUI" */,
				82D89E4A2ECD698E00ED9BC8 /* XCRemoteSwiftPackageReference "realm-swift" */,
				82B45BF22EDA050C00DCF549 /* XCLocalSwiftPackageReference "Modules/Favorite" */,
				82B45BF52EDA054500DCF549 /* XCLocalSwiftPackageReference "Modules/Home" */,
				82B45BF82EDA057C00DCF549 /* XCLocalSwiftPackageReference "Modules/Detail" */,
				82B45BFB2EDA059800DCF549 /* XCLocalSwiftPackageReference "Modules/About" */,
				82B45BFE2EDA05D100DCF549 /* XCRemoteSwiftPackageReference "ExpertTourism-Core" */,
			);
			preferredProjectObjectVersion = 77;
			productRefGroup = 827C4B3A2EC3140A00239548 /* Products */;
			projectDirPath = "";
			projectRoot = "";
			targets = (
				827C4B382EC3140A00239548 /* ExpertTourism */,
			);
		};
/* End PBXProject section */

/* Begin PBXResourcesBuildPhase section */
		827C4B372EC3140A00239548 /* Resources */ = {
			isa = PBXResourcesBuildPhase;
			buildActionMask = 2147483647;
			files = (
				82F683412ED82FE50062D4D5 /* codemagic.yaml in Resources */,
			);
			runOnlyForDeploymentPostprocessing = 0;
		};
/* End PBXResourcesBuildPhase section */

/* Begin PBXSourcesBuildPhase section */
		827C4B352EC3140A00239548 /* Sources */ = {
			isa = PBXSourcesBuildPhase;
			buildActionMask = 2147483647;
			files = (
			);
			runOnlyForDeploymentPostprocessing = 0;
		};
/* End PBXSourcesBuildPhase section */

/* Begin XCBuildConfiguration section */
		827C4B422EC3140B00239548 /* Debug */ = {
			isa = XCBuildConfiguration;
			buildSettings = {
				ALWAYS_SEARCH_USER_PATHS = NO;
				ASSETCATALOG_COMPILER_GENERATE_SWIFT_ASSET_SYMBOL_EXTENSIONS = YES;
				CLANG_ANALYZER_NONNULL = YES;
				CLANG_ANALYZER_NUMBER_OBJECT_CONVERSION = YES_AGGRESSIVE;
				CLANG_CXX_LANGUAGE_STANDARD = "gnu++20";
				CLANG_ENABLE_MODULES = YES;
				CLANG_ENABLE_OBJC_ARC = YES;
				CLANG_ENABLE_OBJC_WEAK = YES;
				CLANG_WARN_BLOCK_CAPTURE_AUTORELEASING = YES;
				CLANG_WARN_BOOL_CONVERSION = YES;
				CLANG_WARN_COMMA = YES;
				CLANG_WARN_CONSTANT_CONVERSION = YES;
				CLANG_WARN_DEPRECATED_OBJC_IMPLEMENTATIONS = YES;
				CLANG_WARN_DIRECT_OBJC_ISA_USAGE = YES_ERROR;
				CLANG_WARN_DOCUMENTATION_COMMENTS = YES;
				CLANG_WARN_EMPTY_BODY = YES;
				CLANG_WARN_ENUM_CONVERSION = YES;
				CLANG_WARN_INFINITE_RECURSION = YES;
				CLANG_WARN_INT_CONVERSION = YES;
				CLANG_WARN_NON_LITERAL_NULL_CONVERSION = YES;
				CLANG_WARN_OBJC_IMPLICIT_RETAIN_SELF = YES;
				CLANG_WARN_OBJC_LITERAL_CONVERSION = YES;
				CLANG_WARN_OBJC_ROOT_CLASS = YES_ERROR;
				CLANG_WARN_QUOTED_INCLUDE_IN_FRAMEWORK_HEADER = YES;
				CLANG_WARN_RANGE_LOOP_ANALYSIS = YES;
				CLANG_WARN_STRICT_PROTOTYPES = YES;
				CLANG_WARN_SUSPICIOUS_MOVE = YES;
				CLANG_WARN_UNGUARDED_AVAILABILITY = YES_AGGRESSIVE;
				CLANG_WARN_UNREACHABLE_CODE = YES;
				CLANG_WARN__DUPLICATE_METHOD_MATCH = YES;
				COPY_PHASE_STRIP = NO;
				DEBUG_INFORMATION_FORMAT = dwarf;
				ENABLE_STRICT_OBJC_MSGSEND = YES;
				ENABLE_TESTABILITY = YES;
				ENABLE_USER_SCRIPT_SANDBOXING = YES;
				GCC_C_LANGUAGE_STANDARD = gnu17;
				GCC_DYNAMIC_NO_PIC = NO;
				GCC_NO_COMMON_BLOCKS = YES;
				GCC_OPTIMIZATION_LEVEL = 0;
				GCC_PREPROCESSOR_DEFINITIONS = (
					"DEBUG=1",
					"$(inherited)",
				);
				GCC_WARN_64_TO_32_BIT_CONVERSION = YES;
				GCC_WARN_ABOUT_RETURN_TYPE = YES_ERROR;
				GCC_WARN_UNDECLARED_SELECTOR = YES;
				GCC_WARN_UNINITIALIZED_AUTOS = YES_AGGRESSIVE;
				GCC_WARN_UNUSED_FUNCTION = YES;
				GCC_WARN_UNUSED_VARIABLE = YES;
				IPHONEOS_DEPLOYMENT_TARGET = 18.5;
				LOCALIZATION_PREFERS_STRING_CATALOGS = YES;
				MTL_ENABLE_DEBUG_INFO = INCLUDE_SOURCE;
				MTL_FAST_MATH = YES;
				ONLY_ACTIVE_ARCH = YES;
				SDKROOT = iphoneos;
				SWIFT_ACTIVE_COMPILATION_CONDITIONS = "DEBUG $(inherited)";
				SWIFT_OPTIMIZATION_LEVEL = "-Onone";
			};
			name = Debug;
		};
		827C4B432EC3140B00239548 /* Release */ = {
			isa = XCBuildConfiguration;
			buildSettings = {
				ALWAYS_SEARCH_USER_PATHS = NO;
				ASSETCATALOG_COMPILER_GENERATE_SWIFT_ASSET_SYMBOL_EXTENSIONS = YES;
				CLANG_ANALYZER_NONNULL = YES;
				CLANG_ANALYZER_NUMBER_OBJECT_CONVERSION = YES_AGGRESSIVE;
				CLANG_CXX_LANGUAGE_STANDARD = "gnu++20";
				CLANG_ENABLE_MODULES = YES;
				CLANG_ENABLE_OBJC_ARC = YES;
				CLANG_ENABLE_OBJC_WEAK = YES;
				CLANG_WARN_BLOCK_CAPTURE_AUTORELEASING = YES;
				CLANG_WARN_BOOL_CONVERSION = YES;
				CLANG_WARN_COMMA = YES;
				CLANG_WARN_CONSTANT_CONVERSION = YES;
				CLANG_WARN_DEPRECATED_OBJC_IMPLEMENTATIONS = YES;
				CLANG_WARN_DIRECT_OBJC_ISA_USAGE = YES_ERROR;
				CLANG_WARN_DOCUMENTATION_COMMENTS = YES;
				CLANG_WARN_EMPTY_BODY = YES;
				CLANG_WARN_ENUM_CONVERSION = YES;
				CLANG_WARN_INFINITE_RECURSION = YES;
				CLANG_WARN_INT_CONVERSION = YES;
				CLANG_WARN_NON_LITERAL_NULL_CONVERSION = YES;
				CLANG_WARN_OBJC_IMPLICIT_RETAIN_SELF = YES;
				CLANG_WARN_OBJC_LITERAL_CONVERSION = YES;
				CLANG_WARN_OBJC_ROOT_CLASS = YES_ERROR;
				CLANG_WARN_QUOTED_INCLUDE_IN_FRAMEWORK_HEADER = YES;
				CLANG_WARN_RANGE_LOOP_ANALYSIS = YES;
				CLANG_WARN_STRICT_PROTOTYPES = YES;
				CLANG_WARN_SUSPICIOUS_MOVE = YES;
				CLANG_WARN_UNGUARDED_AVAILABILITY = YES_AGGRESSIVE;
				CLANG_WARN_UNREACHABLE_CODE = YES;
				CLANG_WARN__DUPLICATE_METHOD_MATCH = YES;
				COPY_PHASE_STRIP = NO;
				DEBUG_INFORMATION_FORMAT = "dwarf-with-dsym";
				ENABLE_NS_ASSERTIONS = NO;
				ENABLE_STRICT_OBJC_MSGSEND = YES;
				ENABLE_USER_SCRIPT_SANDBOXING = YES;
				GCC_C_LANGUAGE_STANDARD = gnu17;
				GCC_NO_COMMON_BLOCKS = YES;
				GCC_WARN_64_TO_32_BIT_CONVERSION = YES;
				GCC_WARN_ABOUT_RETURN_TYPE = YES_ERROR;
				GCC_WARN_UNDECLARED_SELECTOR = YES;
				GCC_WARN_UNINITIALIZED_AUTOS = YES_AGGRESSIVE;
				GCC_WARN_UNUSED_FUNCTION = YES;
				GCC_WARN_UNUSED_VARIABLE = YES;
				IPHONEOS_DEPLOYMENT_TARGET = 18.5;
				LOCALIZATION_PREFERS_STRING_CATALOGS = YES;
				MTL_ENABLE_DEBUG_INFO = NO;
				MTL_FAST_MATH = YES;
				SDKROOT = iphoneos;
				SWIFT_COMPILATION_MODE = wholemodule;
				VALIDATE_PRODUCT = YES;
			};
			name = Release;
		};
		827C4B452EC3140B00239548 /* Debug */ = {
			isa = XCBuildConfiguration;
			buildSettings = {
				ASSETCATALOG_COMPILER_APPICON_NAME = AppIcon;
				ASSETCATALOG_COMPILER_GLOBAL_ACCENT_COLOR_NAME = AccentColor;
				CODE_SIGN_STYLE = Automatic;
				CURRENT_PROJECT_VERSION = 1;
				ENABLE_PREVIEWS = YES;
				GENERATE_INFOPLIST_FILE = YES;
				INFOPLIST_KEY_UIApplicationSceneManifest_Generation = YES;
				INFOPLIST_KEY_UIApplicationSupportsIndirectInputEvents = YES;
				INFOPLIST_KEY_UILaunchScreen_Generation = YES;
				INFOPLIST_KEY_UISupportedInterfaceOrientations_iPad = "UIInterfaceOrientationPortrait UIInterfaceOrientationPortraitUpsideDown UIInterfaceOrientationLandscapeLeft UIInterfaceOrientationLandscapeRight";
				INFOPLIST_KEY_UISupportedInterfaceOrientations_iPhone = "UIInterfaceOrientationPortrait UIInterfaceOrientationLandscapeLeft UIInterfaceOrientationLandscapeRight";
				LD_RUNPATH_SEARCH_PATHS = (
					"$(inherited)",
					"@executable_path/Frameworks",
				);
				MARKETING_VERSION = 1.0;
				PRODUCT_BUNDLE_IDENTIFIER = com.rijalmyd.ExpertTourism;
				PRODUCT_NAME = "$(TARGET_NAME)";
				SWIFT_EMIT_LOC_STRINGS = YES;
				SWIFT_VERSION = 5.0;
				TARGETED_DEVICE_FAMILY = "1,2";
			};
			name = Debug;
		};
		827C4B462EC3140B00239548 /* Release */ = {
			isa = XCBuildConfiguration;
			buildSettings = {
				ASSETCATALOG_COMPILER_APPICON_NAME = AppIcon;
				ASSETCATALOG_COMPILER_GLOBAL_ACCENT_COLOR_NAME = AccentColor;
				CODE_SIGN_STYLE = Automatic;
				CURRENT_PROJECT_VERSION = 1;
				ENABLE_PREVIEWS = YES;
				GENERATE_INFOPLIST_FILE = YES;
				INFOPLIST_KEY_UIApplicationSceneManifest_Generation = YES;
				INFOPLIST_KEY_UIApplicationSupportsIndirectInputEvents = YES;
				INFOPLIST_KEY_UILaunchScreen_Generation = YES;
				INFOPLIST_KEY_UISupportedInterfaceOrientations_iPad = "UIInterfaceOrientationPortrait UIInterfaceOrientationPortraitUpsideDown UIInterfaceOrientationLandscapeLeft UIInterfaceOrientationLandscapeRight";
				INFOPLIST_KEY_UISupportedInterfaceOrientations_iPhone = "UIInterfaceOrientationPortrait UIInterfaceOrientationLandscapeLeft UIInterfaceOrientationLandscapeRight";
				LD_RUNPATH_SEARCH_PATHS = (
					"$(inherited)",
					"@executable_path/Frameworks",
				);
				MARKETING_VERSION = 1.0;
				PRODUCT_BUNDLE_IDENTIFIER = com.rijalmyd.ExpertTourism;
				PRODUCT_NAME = "$(TARGET_NAME)";
				SWIFT_EMIT_LOC_STRINGS = YES;
				SWIFT_VERSION = 5.0;
				TARGETED_DEVICE_FAMILY = "1,2";
			};
			name = Release;
		};
/* End XCBuildConfiguration section */

/* Begin XCConfigurationList section */
		827C4B342EC3140A00239548 /* Build configuration list for PBXProject "ExpertTourism" */ = {
			isa = XCConfigurationList;
			buildConfigurations = (
				827C4B422EC3140B00239548 /* Debug */,
				827C4B432EC3140B00239548 /* Release */,
			);
			defaultConfigurationIsVisible = 0;
			defaultConfigurationName = Release;
		};
		827C4B442EC3140B00239548 /* Build configuration list for PBXNativeTarget "ExpertTourism" */ = {
			isa = XCConfigurationList;
			buildConfigurations = (
				827C4B452EC3140B00239548 /* Debug */,
				827C4B462EC3140B00239548 /* Release */,
			);
			defaultConfigurationIsVisible = 0;
			defaultConfigurationName = Release;
		};
/* End XCConfigurationList section */

/* Begin XCLocalSwiftPackageReference section */
		82B45BF22EDA050C00DCF549 /* XCLocalSwiftPackageReference "Modules/Favorite" */ = {
			isa = XCLocalSwiftPackageReference;
			relativePath = Modules/Favorite;
		};
		82B45BF52EDA054500DCF549 /* XCLocalSwiftPackageReference "Modules/Home" */ = {
			isa = XCLocalSwiftPackageReference;
			relativePath = Modules/Home;
		};
		82B45BF82EDA057C00DCF549 /* XCLocalSwiftPackageReference "Modules/Detail" */ = {
			isa = XCLocalSwiftPackageReference;
			relativePath = Modules/Detail;
		};
		82B45BFB2EDA059800DCF549 /* XCLocalSwiftPackageReference "Modules/About" */ = {
			isa = XCLocalSwiftPackageReference;
			relativePath = Modules/About;
		};
/* End XCLocalSwiftPackageReference section */

/* Begin XCRemoteSwiftPackageReference section */
		829047FC2ECC720300AEB566 /* XCRemoteSwiftPackageReference "Alamofire" */ = {
			isa = XCRemoteSwiftPackageReference;
			repositoryURL = "https://github.com/Alamofire/Alamofire";
			requirement = {
				kind = upToNextMajorVersion;
				minimumVersion = 5.10.2;
			};
		};
		82B45BFE2EDA05D100DCF549 /* XCRemoteSwiftPackageReference "ExpertTourism-Core" */ = {
			isa = XCRemoteSwiftPackageReference;
			repositoryURL = "https://github.com/rijalmyd/ExpertTourism-Core.git";
			requirement = {
				kind = upToNextMajorVersion;
				minimumVersion = 1.0.0;
			};
		};
		82D89E0E2ECD5EE600ED9BC8 /* XCRemoteSwiftPackageReference "Swinject" */ = {
			isa = XCRemoteSwiftPackageReference;
			repositoryURL = "https://github.com/Swinject/Swinject";
			requirement = {
				kind = upToNextMajorVersion;
				minimumVersion = 2.10.0;
			};
		};
		82D89E472ECD658700ED9BC8 /* XCRemoteSwiftPackageReference "SDWebImageSwiftUI" */ = {
			isa = XCRemoteSwiftPackageReference;
			repositoryURL = "https://github.com/SDWebImage/SDWebImageSwiftUI";
			requirement = {
				kind = upToNextMajorVersion;
				minimumVersion = 3.1.4;
			};
		};
		82D89E4A2ECD698E00ED9BC8 /* XCRemoteSwiftPackageReference "realm-swift" */ = {
			isa = XCRemoteSwiftPackageReference;
			repositoryURL = "https://github.com/realm/realm-swift/";
			requirement = {
				branch = master;
				kind = branch;
			};
		};
/* End XCRemoteSwiftPackageReference section */

/* Begin XCSwiftPackageProductDependency section */
		829047FD2ECC720300AEB566 /* Alamofire */ = {
			isa = XCSwiftPackageProductDependency;
			package = 829047FC2ECC720300AEB566 /* XCRemoteSwiftPackageReference "Alamofire" */;
			productName = Alamofire;
		};
		82B45BF32EDA050C00DCF549 /* Favorite */ = {
			isa = XCSwiftPackageProductDependency;
			productName = Favorite;
		};
		82B45BF62EDA054500DCF549 /* Home */ = {
			isa = XCSwiftPackageProductDependency;
			productName = Home;
		};
		82B45BF92EDA057C00DCF549 /* Detail */ = {
			isa = XCSwiftPackageProductDependency;
			productName = Detail;
		};
		82B45BFC2EDA059800DCF549 /* About */ = {
			isa = XCSwiftPackageProductDependency;
			productName = About;
		};
		82D89E0F2ECD5EE600ED9BC8 /* Swinject */ = {
			isa = XCSwiftPackageProductDependency;
			package = 82D89E0E2ECD5EE600ED9BC8 /* XCRemoteSwiftPackageReference "Swinject" */;
			productName = Swinject;
		};
		82D89E482ECD658700ED9BC8 /* SDWebImageSwiftUI */ = {
			isa = XCSwiftPackageProductDependency;
			package = 82D89E472ECD658700ED9BC8 /* XCRemoteSwiftPackageReference "SDWebImageSwiftUI" */;
			productName = SDWebImageSwiftUI;
		};
		82D89E4B2ECD698E00ED9BC8 /* RealmSwift */ = {
			isa = XCSwiftPackageProductDependency;
			package = 82D89E4A2ECD698E00ED9BC8 /* XCRemoteSwiftPackageReference "realm-swift" */;
			productName = RealmSwift;
		};
/* End XCSwiftPackageProductDependency section */
	};
	rootObject = 827C4B312EC3140A00239548 /* Project object */;
}
